
Microsoft Visual Studio Solution File, Format Version 12.00
# Visual Studio Version 16
VisualStudioVersion = 16.0.30804.86
MinimumVisualStudioVersion = 10.0.40219.1
Project("{9A19103F-16F7-4668-BE54-9A1E7A4F7556}") = "ConsoleApp", "ConsoleApp\ConsoleApp.csproj", "{672A449B-4CAA-40ED-9B99-4237C383A9C6}"
EndProject
Global
	GlobalSection(SolutionConfigurationPlatforms) = preSolution
		Debug|Any CPU = Debug|Any CPU
		Release|Any CPU = Release|Any CPU
	EndGlobalSection
	GlobalSection(ProjectConfigurationPlatforms) = postSolution
		{672A449B-4CAA-40ED-9B99-4237C383A9C6}.Debug|Any CPU.ActiveCfg = Debug|Any CPU
		{672A449B-4CAA-40ED-9B99-4237C383A9C6}.Debug|Any CPU.Build.0 = Debug|Any CPU
		{672A449B-4CAA-40ED-9B99-4237C383A9C6}.Release|Any CPU.ActiveCfg = Release|Any CPU
		{672A449B-4CAA-40ED-9B99-4237C383A9C6}.Release|Any CPU.Build.0 = Release|Any CPU
	EndGlobalSection
	GlobalSection(SolutionProperties) = preSolution
		HideSolutionNode = FALSE
	EndGlobalSection
	GlobalSection(ExtensibilityGlobals) = postSolution
		SolutionGuid = {A1E4D244-6987-464D-B47E-3F159C9C2209}
	EndGlobalSection
EndGlobal
